
Microsoft Visual Studio Solution File, Format Version 12.00
# Visual Studio 15
VisualStudioVersion = 15.0.28010.2048
MinimumVisualStudioVersion = 10.0.40219.1
Project("{FAE04EC0-301F-11D3-BF4B-00C04F79EFBC}") = "APICreation2", "APICreation2\APICreation2.csproj", "{A43047B8-388C-46F2-8B26-452D6BBF03B9}"
EndProject
Global
	GlobalSection(SolutionConfigurationPlatforms) = preSolution
		Debug|Any CPU = Debug|Any CPU
		Release|Any CPU = Release|Any CPU
	EndGlobalSection
	GlobalSection(ProjectConfigurationPlatforms) = postSolution
		{A43047B8-388C-46F2-8B26-452D6BBF03B9}.Debug|Any CPU.ActiveCfg = Debug|Any CPU
		{A43047B8-388C-46F2-8B26-452D6BBF03B9}.Debug|Any CPU.Build.0 = Debug|Any CPU
		{A43047B8-388C-46F2-8B26-452D6BBF03B9}.Release|Any CPU.ActiveCfg = Release|Any CPU
		{A43047B8-388C-46F2-8B26-452D6BBF03B9}.Release|Any CPU.Build.0 = Release|Any CPU
	EndGlobalSection
	GlobalSection(SolutionProperties) = preSolution
		HideSolutionNode = FALSE
	EndGlobalSection
	GlobalSection(ExtensibilityGlobals) = postSolution
		SolutionGuid = {5851BD93-E5F2-41B1-97BC-5F9CA2A5E40F}
	EndGlobalSection
EndGlobal
