
Microsoft Visual Studio Solution File, Format Version 12.00
# Visual Studio 15
VisualStudioVersion = 15.0.28307.421
MinimumVisualStudioVersion = 10.0.40219.1
Project("{FAE04EC0-301F-11D3-BF4B-00C04F79EFBC}") = "Test", "Test\Test.csproj", "{C576F860-29DD-4DBA-9A3B-51556921BE3C}"
EndProject
Global
	GlobalSection(SolutionConfigurationPlatforms) = preSolution
		Debug|Any CPU = Debug|Any CPU
		Release|Any CPU = Release|Any CPU
	EndGlobalSection
	GlobalSection(ProjectConfigurationPlatforms) = postSolution
		{C576F860-29DD-4DBA-9A3B-51556921BE3C}.Debug|Any CPU.ActiveCfg = Debug|Any CPU
		{C576F860-29DD-4DBA-9A3B-51556921BE3C}.Debug|Any CPU.Build.0 = Debug|Any CPU
		{C576F860-29DD-4DBA-9A3B-51556921BE3C}.Release|Any CPU.ActiveCfg = Release|Any CPU
		{C576F860-29DD-4DBA-9A3B-51556921BE3C}.Release|Any CPU.Build.0 = Release|Any CPU
	EndGlobalSection
	GlobalSection(SolutionProperties) = preSolution
		HideSolutionNode = FALSE
	EndGlobalSection
	GlobalSection(ExtensibilityGlobals) = postSolution
		SolutionGuid = {935B3EAD-0B6E-470D-B1D1-7E0C2A90A04F}
	EndGlobalSection
EndGlobal
