
Microsoft Visual Studio Solution File, Format Version 12.00
# Visual Studio 15
VisualStudioVersion = 15.0.28307.421
MinimumVisualStudioVersion = 10.0.40219.1
Project("{FAE04EC0-301F-11D3-BF4B-00C04F79EFBC}") = "UserLoginStoreFront", "UserLoginStoreFront\UserLoginStoreFront.csproj", "{BBA47EAB-2447-4797-AC15-7E537811D73E}"
EndProject
Global
	GlobalSection(SolutionConfigurationPlatforms) = preSolution
		Debug|Any CPU = Debug|Any CPU
		Release|Any CPU = Release|Any CPU
	EndGlobalSection
	GlobalSection(ProjectConfigurationPlatforms) = postSolution
		{BBA47EAB-2447-4797-AC15-7E537811D73E}.Debug|Any CPU.ActiveCfg = Debug|Any CPU
		{BBA47EAB-2447-4797-AC15-7E537811D73E}.Debug|Any CPU.Build.0 = Debug|Any CPU
		{BBA47EAB-2447-4797-AC15-7E537811D73E}.Release|Any CPU.ActiveCfg = Release|Any CPU
		{BBA47EAB-2447-4797-AC15-7E537811D73E}.Release|Any CPU.Build.0 = Release|Any CPU
	EndGlobalSection
	GlobalSection(SolutionProperties) = preSolution
		HideSolutionNode = FALSE
	EndGlobalSection
	GlobalSection(ExtensibilityGlobals) = postSolution
		SolutionGuid = {6BE6578B-FE50-4E37-AC5C-D03696149C98}
	EndGlobalSection
EndGlobal
