
Microsoft Visual Studio Solution File, Format Version 12.00
# Visual Studio 15
VisualStudioVersion = 15.0.28307.421
MinimumVisualStudioVersion = 10.0.40219.1
Project("{FAE04EC0-301F-11D3-BF4B-00C04F79EFBC}") = "ChangeCodeFirstExample", "ChangeCodeFirstExample\ChangeCodeFirstExample.csproj", "{CEF117E0-EE34-459E-811F-252D0507156A}"
EndProject
Global
	GlobalSection(SolutionConfigurationPlatforms) = preSolution
		Debug|Any CPU = Debug|Any CPU
		Release|Any CPU = Release|Any CPU
	EndGlobalSection
	GlobalSection(ProjectConfigurationPlatforms) = postSolution
		{CEF117E0-EE34-459E-811F-252D0507156A}.Debug|Any CPU.ActiveCfg = Debug|Any CPU
		{CEF117E0-EE34-459E-811F-252D0507156A}.Debug|Any CPU.Build.0 = Debug|Any CPU
		{CEF117E0-EE34-459E-811F-252D0507156A}.Release|Any CPU.ActiveCfg = Release|Any CPU
		{CEF117E0-EE34-459E-811F-252D0507156A}.Release|Any CPU.Build.0 = Release|Any CPU
	EndGlobalSection
	GlobalSection(SolutionProperties) = preSolution
		HideSolutionNode = FALSE
	EndGlobalSection
	GlobalSection(ExtensibilityGlobals) = postSolution
		SolutionGuid = {B5B319C0-798E-4A06-9E77-3BFF95CB0A29}
	EndGlobalSection
EndGlobal
