
Microsoft Visual Studio Solution File, Format Version 12.00
# Visual Studio 15
VisualStudioVersion = 15.0.27130.2027
MinimumVisualStudioVersion = 10.0.40219.1
Project("{FAE04EC0-301F-11D3-BF4B-00C04F79EFBC}") = "EntityExample", "EntityExample\EntityExample.csproj", "{90C5EC2A-355A-4CEB-B3F7-26753B7AD4C9}"
EndProject
Global
	GlobalSection(SolutionConfigurationPlatforms) = preSolution
		Debug|Any CPU = Debug|Any CPU
		Release|Any CPU = Release|Any CPU
	EndGlobalSection
	GlobalSection(ProjectConfigurationPlatforms) = postSolution
		{90C5EC2A-355A-4CEB-B3F7-26753B7AD4C9}.Debug|Any CPU.ActiveCfg = Debug|Any CPU
		{90C5EC2A-355A-4CEB-B3F7-26753B7AD4C9}.Debug|Any CPU.Build.0 = Debug|Any CPU
		{90C5EC2A-355A-4CEB-B3F7-26753B7AD4C9}.Release|Any CPU.ActiveCfg = Release|Any CPU
		{90C5EC2A-355A-4CEB-B3F7-26753B7AD4C9}.Release|Any CPU.Build.0 = Release|Any CPU
	EndGlobalSection
	GlobalSection(SolutionProperties) = preSolution
		HideSolutionNode = FALSE
	EndGlobalSection
	GlobalSection(ExtensibilityGlobals) = postSolution
		SolutionGuid = {1A45E6A8-B849-4353-B791-E6A9E07FD5C1}
	EndGlobalSection
EndGlobal
