
Microsoft Visual Studio Solution File, Format Version 12.00
# Visual Studio 15
VisualStudioVersion = 15.0.27130.2036
MinimumVisualStudioVersion = 10.0.40219.1
Project("{FAE04EC0-301F-11D3-BF4B-00C04F79EFBC}") = "Password Generator", "Password Generator.csproj", "{B244C1DD-63D8-4BE4-BCFB-DBA40330A4C6}"
EndProject
Global
	GlobalSection(SolutionConfigurationPlatforms) = preSolution
		Debug|Any CPU = Debug|Any CPU
		Release|Any CPU = Release|Any CPU
	EndGlobalSection
	GlobalSection(ProjectConfigurationPlatforms) = postSolution
		{B244C1DD-63D8-4BE4-BCFB-DBA40330A4C6}.Debug|Any CPU.ActiveCfg = Debug|Any CPU
		{B244C1DD-63D8-4BE4-BCFB-DBA40330A4C6}.Debug|Any CPU.Build.0 = Debug|Any CPU
		{B244C1DD-63D8-4BE4-BCFB-DBA40330A4C6}.Release|Any CPU.ActiveCfg = Release|Any CPU
		{B244C1DD-63D8-4BE4-BCFB-DBA40330A4C6}.Release|Any CPU.Build.0 = Release|Any CPU
	EndGlobalSection
	GlobalSection(SolutionProperties) = preSolution
		HideSolutionNode = FALSE
	EndGlobalSection
	GlobalSection(ExtensibilityGlobals) = postSolution
		SolutionGuid = {D7935DF9-9126-4634-8724-67D486C6FF18}
	EndGlobalSection
EndGlobal
