
Microsoft Visual Studio Solution File, Format Version 12.00
# Visual Studio 15
VisualStudioVersion = 15.0.26730.10
MinimumVisualStudioVersion = 10.0.40219.1
Project("{FAE04EC0-301F-11D3-BF4B-00C04F79EFBC}") = "Search Exercise", "Search Exercise.csproj", "{3495DC2A-DD94-45B7-BFD0-D7819C64CABB}"
EndProject
Global
	GlobalSection(SolutionConfigurationPlatforms) = preSolution
		Debug|Any CPU = Debug|Any CPU
		Release|Any CPU = Release|Any CPU
	EndGlobalSection
	GlobalSection(ProjectConfigurationPlatforms) = postSolution
		{3495DC2A-DD94-45B7-BFD0-D7819C64CABB}.Debug|Any CPU.ActiveCfg = Debug|Any CPU
		{3495DC2A-DD94-45B7-BFD0-D7819C64CABB}.Debug|Any CPU.Build.0 = Debug|Any CPU
		{3495DC2A-DD94-45B7-BFD0-D7819C64CABB}.Release|Any CPU.ActiveCfg = Release|Any CPU
		{3495DC2A-DD94-45B7-BFD0-D7819C64CABB}.Release|Any CPU.Build.0 = Release|Any CPU
	EndGlobalSection
	GlobalSection(SolutionProperties) = preSolution
		HideSolutionNode = FALSE
	EndGlobalSection
	GlobalSection(ExtensibilityGlobals) = postSolution
		SolutionGuid = {5B1DDDCB-11E4-4ACC-96C7-3EFC33C9EB17}
	EndGlobalSection
EndGlobal
