
Microsoft Visual Studio Solution File, Format Version 12.00
# Visual Studio 15
VisualStudioVersion = 15.0.27130.2036
MinimumVisualStudioVersion = 10.0.40219.1
Project("{FAE04EC0-301F-11D3-BF4B-00C04F79EFBC}") = "TravelingSaleman", "TravelingSaleman.csproj", "{4A86B172-C4FE-44C1-B623-9322AC78787D}"
EndProject
Global
	GlobalSection(SolutionConfigurationPlatforms) = preSolution
		Debug|Any CPU = Debug|Any CPU
		Release|Any CPU = Release|Any CPU
	EndGlobalSection
	GlobalSection(ProjectConfigurationPlatforms) = postSolution
		{4A86B172-C4FE-44C1-B623-9322AC78787D}.Debug|Any CPU.ActiveCfg = Debug|Any CPU
		{4A86B172-C4FE-44C1-B623-9322AC78787D}.Debug|Any CPU.Build.0 = Debug|Any CPU
		{4A86B172-C4FE-44C1-B623-9322AC78787D}.Release|Any CPU.ActiveCfg = Release|Any CPU
		{4A86B172-C4FE-44C1-B623-9322AC78787D}.Release|Any CPU.Build.0 = Release|Any CPU
	EndGlobalSection
	GlobalSection(SolutionProperties) = preSolution
		HideSolutionNode = FALSE
	EndGlobalSection
	GlobalSection(ExtensibilityGlobals) = postSolution
		SolutionGuid = {0AF48023-94AF-4DC6-96CE-0376AC70E0E5}
	EndGlobalSection
EndGlobal
