
Microsoft Visual Studio Solution File, Format Version 12.00
# Visual Studio 15
VisualStudioVersion = 15.0.28010.2048
MinimumVisualStudioVersion = 10.0.40219.1
Project("{FAE04EC0-301F-11D3-BF4B-00C04F79EFBC}") = "CoreAPI", "CoreAPI\CoreAPI.csproj", "{FFB7ABE1-95A5-4572-BE99-1402DF1F32FA}"
EndProject
Global
	GlobalSection(SolutionConfigurationPlatforms) = preSolution
		Debug|Any CPU = Debug|Any CPU
		Release|Any CPU = Release|Any CPU
	EndGlobalSection
	GlobalSection(ProjectConfigurationPlatforms) = postSolution
		{FFB7ABE1-95A5-4572-BE99-1402DF1F32FA}.Debug|Any CPU.ActiveCfg = Debug|Any CPU
		{FFB7ABE1-95A5-4572-BE99-1402DF1F32FA}.Debug|Any CPU.Build.0 = Debug|Any CPU
		{FFB7ABE1-95A5-4572-BE99-1402DF1F32FA}.Release|Any CPU.ActiveCfg = Release|Any CPU
		{FFB7ABE1-95A5-4572-BE99-1402DF1F32FA}.Release|Any CPU.Build.0 = Release|Any CPU
	EndGlobalSection
	GlobalSection(SolutionProperties) = preSolution
		HideSolutionNode = FALSE
	EndGlobalSection
	GlobalSection(ExtensibilityGlobals) = postSolution
		SolutionGuid = {5148F9DD-C047-4D58-9C34-FEEEDC43BFD7}
	EndGlobalSection
EndGlobal
