
Microsoft Visual Studio Solution File, Format Version 12.00
# Visual Studio 15
VisualStudioVersion = 15.0.28010.2048
MinimumVisualStudioVersion = 10.0.40219.1
Project("{FAE04EC0-301F-11D3-BF4B-00C04F79EFBC}") = "MovieAPI", "MovieAPI\MovieAPI.csproj", "{E83D067A-9601-42EB-9947-C700046F24F3}"
EndProject
Global
	GlobalSection(SolutionConfigurationPlatforms) = preSolution
		Debug|Any CPU = Debug|Any CPU
		Release|Any CPU = Release|Any CPU
	EndGlobalSection
	GlobalSection(ProjectConfigurationPlatforms) = postSolution
		{E83D067A-9601-42EB-9947-C700046F24F3}.Debug|Any CPU.ActiveCfg = Debug|Any CPU
		{E83D067A-9601-42EB-9947-C700046F24F3}.Debug|Any CPU.Build.0 = Debug|Any CPU
		{E83D067A-9601-42EB-9947-C700046F24F3}.Release|Any CPU.ActiveCfg = Release|Any CPU
		{E83D067A-9601-42EB-9947-C700046F24F3}.Release|Any CPU.Build.0 = Release|Any CPU
	EndGlobalSection
	GlobalSection(SolutionProperties) = preSolution
		HideSolutionNode = FALSE
	EndGlobalSection
	GlobalSection(ExtensibilityGlobals) = postSolution
		SolutionGuid = {E6AA37A5-A9E0-4C3A-896A-DDCBF847B6C0}
	EndGlobalSection
EndGlobal
