
Microsoft Visual Studio Solution File, Format Version 12.00
# Visual Studio 15
VisualStudioVersion = 15.0.26228.9
MinimumVisualStudioVersion = 10.0.40219.1
Project("{9A19103F-16F7-4668-BE54-9A1E7A4F7556}") = "Arrays", "Arrays\Arrays.csproj", "{3109036F-8AA0-4E2E-A6A9-7C62288C8317}"
EndProject
Global
	GlobalSection(SolutionConfigurationPlatforms) = preSolution
		Debug|Any CPU = Debug|Any CPU
		Release|Any CPU = Release|Any CPU
	EndGlobalSection
	GlobalSection(ProjectConfigurationPlatforms) = postSolution
		{3109036F-8AA0-4E2E-A6A9-7C62288C8317}.Debug|Any CPU.ActiveCfg = Debug|Any CPU
		{3109036F-8AA0-4E2E-A6A9-7C62288C8317}.Debug|Any CPU.Build.0 = Debug|Any CPU
		{3109036F-8AA0-4E2E-A6A9-7C62288C8317}.Release|Any CPU.ActiveCfg = Release|Any CPU
		{3109036F-8AA0-4E2E-A6A9-7C62288C8317}.Release|Any CPU.Build.0 = Release|Any CPU
	EndGlobalSection
	GlobalSection(SolutionProperties) = preSolution
		HideSolutionNode = FALSE
	EndGlobalSection
	GlobalSection(ExtensibilityGlobals) = postSolution
		SolutionGuid = {63576572-123A-41F7-BA58-EECF47304E7C}
	EndGlobalSection
EndGlobal
