
Microsoft Visual Studio Solution File, Format Version 12.00
# Visual Studio 15
VisualStudioVersion = 15.0.28010.2048
MinimumVisualStudioVersion = 10.0.40219.1
Project("{FAE04EC0-301F-11D3-BF4B-00C04F79EFBC}") = "EmailValdiation", "EmailValdiation.csproj", "{0B221E1A-9875-47C8-ABED-7B5480431B48}"
EndProject
Global
	GlobalSection(SolutionConfigurationPlatforms) = preSolution
		Debug|Any CPU = Debug|Any CPU
		Release|Any CPU = Release|Any CPU
	EndGlobalSection
	GlobalSection(ProjectConfigurationPlatforms) = postSolution
		{0B221E1A-9875-47C8-ABED-7B5480431B48}.Debug|Any CPU.ActiveCfg = Debug|Any CPU
		{0B221E1A-9875-47C8-ABED-7B5480431B48}.Debug|Any CPU.Build.0 = Debug|Any CPU
		{0B221E1A-9875-47C8-ABED-7B5480431B48}.Release|Any CPU.ActiveCfg = Release|Any CPU
		{0B221E1A-9875-47C8-ABED-7B5480431B48}.Release|Any CPU.Build.0 = Release|Any CPU
	EndGlobalSection
	GlobalSection(SolutionProperties) = preSolution
		HideSolutionNode = FALSE
	EndGlobalSection
	GlobalSection(ExtensibilityGlobals) = postSolution
		SolutionGuid = {E2E26E35-24B1-4D42-9B54-D8A474291B32}
	EndGlobalSection
EndGlobal
