
Microsoft Visual Studio Solution File, Format Version 12.00
# Visual Studio 15
VisualStudioVersion = 15.0.28010.2048
MinimumVisualStudioVersion = 10.0.40219.1
Project("{FAE04EC0-301F-11D3-BF4B-00C04F79EFBC}") = "Lab 8", "Lab 8.csproj", "{E0D8EFAF-600C-430C-A661-3D4D1C8BC571}"
EndProject
Global
	GlobalSection(SolutionConfigurationPlatforms) = preSolution
		Debug|Any CPU = Debug|Any CPU
		Release|Any CPU = Release|Any CPU
	EndGlobalSection
	GlobalSection(ProjectConfigurationPlatforms) = postSolution
		{E0D8EFAF-600C-430C-A661-3D4D1C8BC571}.Debug|Any CPU.ActiveCfg = Debug|Any CPU
		{E0D8EFAF-600C-430C-A661-3D4D1C8BC571}.Debug|Any CPU.Build.0 = Debug|Any CPU
		{E0D8EFAF-600C-430C-A661-3D4D1C8BC571}.Release|Any CPU.ActiveCfg = Release|Any CPU
		{E0D8EFAF-600C-430C-A661-3D4D1C8BC571}.Release|Any CPU.Build.0 = Release|Any CPU
	EndGlobalSection
	GlobalSection(SolutionProperties) = preSolution
		HideSolutionNode = FALSE
	EndGlobalSection
	GlobalSection(ExtensibilityGlobals) = postSolution
		SolutionGuid = {B3155008-1A89-4BE0-985E-C84FAC82ED3F}
	EndGlobalSection
EndGlobal
