
Microsoft Visual Studio Solution File, Format Version 12.00
# Visual Studio 15
VisualStudioVersion = 15.0.28010.2048
MinimumVisualStudioVersion = 10.0.40219.1
Project("{FAE04EC0-301F-11D3-BF4B-00C04F79EFBC}") = "VendingMachine", "VendingMachine.csproj", "{330D694E-4C4D-47AF-9B9F-E04158342DFC}"
EndProject
Global
	GlobalSection(SolutionConfigurationPlatforms) = preSolution
		Debug|Any CPU = Debug|Any CPU
		Release|Any CPU = Release|Any CPU
	EndGlobalSection
	GlobalSection(ProjectConfigurationPlatforms) = postSolution
		{330D694E-4C4D-47AF-9B9F-E04158342DFC}.Debug|Any CPU.ActiveCfg = Debug|Any CPU
		{330D694E-4C4D-47AF-9B9F-E04158342DFC}.Debug|Any CPU.Build.0 = Debug|Any CPU
		{330D694E-4C4D-47AF-9B9F-E04158342DFC}.Release|Any CPU.ActiveCfg = Release|Any CPU
		{330D694E-4C4D-47AF-9B9F-E04158342DFC}.Release|Any CPU.Build.0 = Release|Any CPU
	EndGlobalSection
	GlobalSection(SolutionProperties) = preSolution
		HideSolutionNode = FALSE
	EndGlobalSection
	GlobalSection(ExtensibilityGlobals) = postSolution
		SolutionGuid = {2B63C793-EBEA-4473-B26A-3B224C12D01F}
	EndGlobalSection
EndGlobal
