
Microsoft Visual Studio Solution File, Format Version 12.00
# Visual Studio 15
VisualStudioVersion = 15.0.27130.2036
MinimumVisualStudioVersion = 10.0.40219.1
Project("{FAE04EC0-301F-11D3-BF4B-00C04F79EFBC}") = "Logic Errors", "Logic Errors.csproj", "{BC1FC960-8C46-450D-9EF2-83EC9DBB319B}"
EndProject
Global
	GlobalSection(SolutionConfigurationPlatforms) = preSolution
		Debug|Any CPU = Debug|Any CPU
		Release|Any CPU = Release|Any CPU
	EndGlobalSection
	GlobalSection(ProjectConfigurationPlatforms) = postSolution
		{BC1FC960-8C46-450D-9EF2-83EC9DBB319B}.Debug|Any CPU.ActiveCfg = Debug|Any CPU
		{BC1FC960-8C46-450D-9EF2-83EC9DBB319B}.Debug|Any CPU.Build.0 = Debug|Any CPU
		{BC1FC960-8C46-450D-9EF2-83EC9DBB319B}.Release|Any CPU.ActiveCfg = Release|Any CPU
		{BC1FC960-8C46-450D-9EF2-83EC9DBB319B}.Release|Any CPU.Build.0 = Release|Any CPU
	EndGlobalSection
	GlobalSection(SolutionProperties) = preSolution
		HideSolutionNode = FALSE
	EndGlobalSection
	GlobalSection(ExtensibilityGlobals) = postSolution
		SolutionGuid = {C4AC2DC6-672B-46B7-9722-C2A5724DBE47}
	EndGlobalSection
EndGlobal
